
Microsoft Visual Studio Solution File, Format Version 12.00
# Visual Studio Version 16
VisualStudioVersion = 16.0.32510.428
MinimumVisualStudioVersion = 10.0.40219.1
Project("{FAE04EC0-301F-11D3-BF4B-00C04F79EFBC}") = "MarketingEngine", "MarketingEngine\MarketingEngine.csproj", "{A37EA357-B582-4C52-BA86-9912BA5EB08C}"
EndProject
Global
	GlobalSection(SolutionConfigurationPlatforms) = preSolution
		Debug|Any CPU = Debug|Any CPU
		Release|Any CPU = Release|Any CPU
	EndGlobalSection
	GlobalSection(ProjectConfigurationPlatforms) = postSolution
		{A37EA357-B582-4C52-BA86-9912BA5EB08C}.Debug|Any CPU.ActiveCfg = Debug|Any CPU
		{A37EA357-B582-4C52-BA86-9912BA5EB08C}.Debug|Any CPU.Build.0 = Debug|Any CPU
		{A37EA357-B582-4C52-BA86-9912BA5EB08C}.Release|Any CPU.ActiveCfg = Release|Any CPU
		{A37EA357-B582-4C52-BA86-9912BA5EB08C}.Release|Any CPU.Build.0 = Release|Any CPU
	EndGlobalSection
	GlobalSection(SolutionProperties) = preSolution
		HideSolutionNode = FALSE
	EndGlobalSection
	GlobalSection(ExtensibilityGlobals) = postSolution
		SolutionGuid = {12C931E2-8611-426F-8238-8397132A25F2}
	EndGlobalSection
EndGlobal
